
Microsoft Visual Studio Solution File, Format Version 12.00
# Visual Studio Version 17
VisualStudioVersion = 17.5.33318.248
MinimumVisualStudioVersion = 10.0.40219.1
Project("{FAE04EC0-301F-11D3-BF4B-00C04F79EFBC}") = "Black jack", "Black jack\Black jack.csproj", "{80C55C04-AE61-417A-9071-28E22F2FCE26}"
EndProject
Global
	GlobalSection(SolutionConfigurationPlatforms) = preSolution
		Debug|Any CPU = Debug|Any CPU
		Release|Any CPU = Release|Any CPU
	EndGlobalSection
	GlobalSection(ProjectConfigurationPlatforms) = postSolution
		{80C55C04-AE61-417A-9071-28E22F2FCE26}.Debug|Any CPU.ActiveCfg = Debug|Any CPU
		{80C55C04-AE61-417A-9071-28E22F2FCE26}.Debug|Any CPU.Build.0 = Debug|Any CPU
		{80C55C04-AE61-417A-9071-28E22F2FCE26}.Release|Any CPU.ActiveCfg = Release|Any CPU
		{80C55C04-AE61-417A-9071-28E22F2FCE26}.Release|Any CPU.Build.0 = Release|Any CPU
	EndGlobalSection
	GlobalSection(SolutionProperties) = preSolution
		HideSolutionNode = FALSE
	EndGlobalSection
	GlobalSection(ExtensibilityGlobals) = postSolution
		SolutionGuid = {5058AEFB-6A9B-42CA-80B8-32B46B3788EA}
	EndGlobalSection
EndGlobal
